// !$*UTF8*$!
{
	archiveVersion = 1;
	classes = {
	};
	objectVersion = 56;
	objects = {

/* Begin PBXBuildFile section */
		740A51012E4605460040AC28 /* FLAnimatedImage in Frameworks */ = {isa = PBXBuildFile; productRef = 740A51002E4605460040AC28 /* FLAnimatedImage */; };
		7450AE1A2E2ED608000BBA71 /* ShopViewController.swift in Sources */ = {isa = PBXBuildFile; fileRef = 7450AE192E2ED608000BBA71 /* ShopViewController.swift */; };
		7450AE1C2E2ED905000BBA71 /* KanekiInfoViewController.swift in Sources */ = {isa = PBXBuildFile; fileRef = 7450AE1B2E2ED905000BBA71 /* KanekiInfoViewController.swift */; };
		748779772E3664C800D6E227 /* SecretStyleViewController.swift in Sources */ = {isa = PBXBuildFile; fileRef = 748779762E3664C800D6E227 /* SecretStyleViewController.swift */; };
		7499ED032E2C2EB5000CDB2F /* KanekiViewController.swift in Sources */ = {isa = PBXBuildFile; fileRef = 7499ED022E2C2EB5000CDB2F /* KanekiViewController.swift */; };
		7499ED052E2C2EC0000CDB2F /* GutsViewController.swift in Sources */ = {isa = PBXBuildFile; fileRef = 7499ED042E2C2EC0000CDB2F /* GutsViewController.swift */; };
		7499ED072E2C2ECC000CDB2F /* SecretViewController.swift in Sources */ = {isa = PBXBuildFile; fileRef = 7499ED062E2C2ECC000CDB2F /* SecretViewController.swift */; };
		7499ED092E2C2EDB000CDB2F /* MenuViewController.swift in Sources */ = {isa = PBXBuildFile; fileRef = 7499ED082E2C2EDB000CDB2F /* MenuViewController.swift */; };
		74B3B6C12E32BEBC00F0000B /* GutsInfoViewController.swift in Sources */ = {isa = PBXBuildFile; fileRef = 74B3B6C02E32BEBC00F0000B /* GutsInfoViewController.swift */; };
		74E5E0D12E297E0900FCB7E1 /* AppDelegate.swift in Sources */ = {isa = PBXBuildFile; fileRef = 74E5E0D02E297E0900FCB7E1 /* AppDelegate.swift */; };
		74E5E0D32E297E0900FCB7E1 /* SceneDelegate.swift in Sources */ = {isa = PBXBuildFile; fileRef = 74E5E0D22E297E0900FCB7E1 /* SceneDelegate.swift */; };
		74E5E0D82E297E0900FCB7E1 /* Main.storyboard in Resources */ = {isa = PBXBuildFile; fileRef = 74E5E0D62E297E0900FCB7E1 /* Main.storyboard */; };
		74E5E0DA2E297E0B00FCB7E1 /* Assets.xcassets in Resources */ = {isa = PBXBuildFile; fileRef = 74E5E0D92E297E0B00FCB7E1 /* Assets.xcassets */; };
		74E5E0DD2E297E0B00FCB7E1 /* LaunchScreen.storyboard in Resources */ = {isa = PBXBuildFile; fileRef = 74E5E0DB2E297E0B00FCB7E1 /* LaunchScreen.storyboard */; };
/* End PBXBuildFile section */

/* Begin PBXFileReference section */
		7450AE192E2ED608000BBA71 /* ShopViewController.swift */ = {isa = PBXFileReference; lastKnownFileType = sourcecode.swift; path = ShopViewController.swift; sourceTree = "<group>"; };
		7450AE1B2E2ED905000BBA71 /* KanekiInfoViewController.swift */ = {isa = PBXFileReference; lastKnownFileType = sourcecode.swift; path = KanekiInfoViewController.swift; sourceTree = "<group>"; };
		748779762E3664C800D6E227 /* SecretStyleViewController.swift */ = {isa = PBXFileReference; lastKnownFileType = sourcecode.swift; path = SecretStyleViewController.swift; sourceTree = "<group>"; };
		7499ED022E2C2EB5000CDB2F /* KanekiViewController.swift */ = {isa = PBXFileReference; lastKnownFileType = sourcecode.swift; path = KanekiViewController.swift; sourceTree = "<group>"; };
		7499ED042E2C2EC0000CDB2F /* GutsViewController.swift */ = {isa = PBXFileReference; lastKnownFileType = sourcecode.swift; path = GutsViewController.swift; sourceTree = "<group>"; };
		7499ED062E2C2ECC000CDB2F /* SecretViewController.swift */ = {isa = PBXFileReference; lastKnownFileType = sourcecode.swift; path = SecretViewController.swift; sourceTree = "<group>"; };
		7499ED082E2C2EDB000CDB2F /* MenuViewController.swift */ = {isa = PBXFileReference; lastKnownFileType = sourcecode.swift; path = MenuViewController.swift; sourceTree = "<group>"; };
		74B3B6C02E32BEBC00F0000B /* GutsInfoViewController.swift */ = {isa = PBXFileReference; lastKnownFileType = sourcecode.swift; path = GutsInfoViewController.swift; sourceTree = "<group>"; };
		74E5E0CD2E297E0900FCB7E1 /* Clicker.app */ = {isa = PBXFileReference; explicitFileType = wrapper.application; includeInIndex = 0; path = Clicker.app; sourceTree = BUILT_PRODUCTS_DIR; };
		74E5E0D02E297E0900FCB7E1 /* AppDelegate.swift */ = {isa = PBXFileReference; lastKnownFileType = sourcecode.swift; path = AppDelegate.swift; sourceTree = "<group>"; };
		74E5E0D22E297E0900FCB7E1 /* SceneDelegate.swift */ = {isa = PBXFileReference; lastKnownFileType = sourcecode.swift; path = SceneDelegate.swift; sourceTree = "<group>"; };
		74E5E0D72E297E0900FCB7E1 /* Base */ = {isa = PBXFileReference; lastKnownFileType = file.storyboard; name = Base; path = Base.lproj/Main.storyboard; sourceTree = "<group>"; };
		74E5E0D92E297E0B00FCB7E1 /* Assets.xcassets */ = {isa = PBXFileReference; lastKnownFileType = folder.assetcatalog; path = Assets.xcassets; sourceTree = "<group>"; };
		74E5E0DC2E297E0B00FCB7E1 /* Base */ = {isa = PBXFileReference; lastKnownFileType = file.storyboard; name = Base; path = Base.lproj/LaunchScreen.storyboard; sourceTree = "<group>"; };
		74E5E0DE2E297E0B00FCB7E1 /* Info.plist */ = {isa = PBXFileReference; lastKnownFileType = text.plist.xml; path = Info.plist; sourceTree = "<group>"; };
/* End PBXFileReference section */

/* Begin PBXFrameworksBuildPhase section */
		74E5E0CA2E297E0900FCB7E1 /* Frameworks */ = {
			isa = PBXFrameworksBuildPhase;
			buildActionMask = 2147483647;
			files = (
				740A51012E4605460040AC28 /* FLAnimatedImage in Frameworks */,
			);
			runOnlyForDeploymentPostprocessing = 0;
		};
/* End PBXFrameworksBuildPhase section */

/* Begin PBXGroup section */
		74E5E0C42E297E0900FCB7E1 = {
			isa = PBXGroup;
			children = (
				74E5E0CF2E297E0900FCB7E1 /* Clicker */,
				74E5E0CE2E297E0900FCB7E1 /* Products */,
			);
			sourceTree = "<group>";
		};
		74E5E0CE2E297E0900FCB7E1 /* Products */ = {
			isa = PBXGroup;
			children = (
				74E5E0CD2E297E0900FCB7E1 /* Clicker.app */,
			);
			name = Products;
			sourceTree = "<group>";
		};
		74E5E0CF2E297E0900FCB7E1 /* Clicker */ = {
			isa = PBXGroup;
			children = (
				74E5E0D02E297E0900FCB7E1 /* AppDelegate.swift */,
				74E5E0D22E297E0900FCB7E1 /* SceneDelegate.swift */,
				74E5E0D62E297E0900FCB7E1 /* Main.storyboard */,
				74E5E0D92E297E0B00FCB7E1 /* Assets.xcassets */,
				74E5E0DB2E297E0B00FCB7E1 /* LaunchScreen.storyboard */,
				74E5E0DE2E297E0B00FCB7E1 /* Info.plist */,
				7499ED082E2C2EDB000CDB2F /* MenuViewController.swift */,
				7499ED022E2C2EB5000CDB2F /* KanekiViewController.swift */,
				7499ED042E2C2EC0000CDB2F /* GutsViewController.swift */,
				7499ED062E2C2ECC000CDB2F /* SecretViewController.swift */,
				7450AE192E2ED608000BBA71 /* ShopViewController.swift */,
				7450AE1B2E2ED905000BBA71 /* KanekiInfoViewController.swift */,
				74B3B6C02E32BEBC00F0000B /* GutsInfoViewController.swift */,
				748779762E3664C800D6E227 /* SecretStyleViewController.swift */,
			);
			path = Clicker;
			sourceTree = "<group>";
		};
/* End PBXGroup section */

/* Begin PBXNativeTarget section */
		74E5E0CC2E297E0900FCB7E1 /* Clicker */ = {
			isa = PBXNativeTarget;
			buildConfigurationList = 74E5E0E12E297E0B00FCB7E1 /* Build configuration list for PBXNativeTarget "Clicker" */;
			buildPhases = (
				74E5E0C92E297E0900FCB7E1 /* Sources */,
				74E5E0CA2E297E0900FCB7E1 /* Frameworks */,
				74E5E0CB2E297E0900FCB7E1 /* Resources */,
			);
			buildRules = (
			);
			dependencies = (
			);
			name = Clicker;
			productName = Clicker;
			productReference = 74E5E0CD2E297E0900FCB7E1 /* Clicker.app */;
			productType = "com.apple.product-type.application";
		};
/* End PBXNativeTarget section */

/* Begin PBXProject section */
		74E5E0C52E297E0900FCB7E1 /* Project object */ = {
			isa = PBXProject;
			attributes = {
				BuildIndependentTargetsInParallel = 1;
				LastSwiftUpdateCheck = 1420;
				LastUpgradeCheck = 1420;
				TargetAttributes = {
					74E5E0CC2E297E0900FCB7E1 = {
						CreatedOnToolsVersion = 14.2;
					};
				};
			};
			buildConfigurationList = 74E5E0C82E297E0900FCB7E1 /* Build configuration list for PBXProject "Clicker" */;
			compatibilityVersion = "Xcode 14.0";
			developmentRegion = en;
			hasScannedForEncodings = 0;
			knownRegions = (
				en,
				Base,
			);
			mainGroup = 74E5E0C42E297E0900FCB7E1;
			packageReferences = (
				740A50FF2E4605460040AC28 /* XCRemoteSwiftPackageReference "FLAnimatedImage" */,
			);
			productRefGroup = 74E5E0CE2E297E0900FCB7E1 /* Products */;
			projectDirPath = "";
			projectRoot = "";
			targets = (
				74E5E0CC2E297E0900FCB7E1 /* Clicker */,
			);
		};
/* End PBXProject section */

/* Begin PBXResourcesBuildPhase section */
		74E5E0CB2E297E0900FCB7E1 /* Resources */ = {
			isa = PBXResourcesBuildPhase;
			buildActionMask = 2147483647;
			files = (
				74E5E0DD2E297E0B00FCB7E1 /* LaunchScreen.storyboard in Resources */,
				74E5E0DA2E297E0B00FCB7E1 /* Assets.xcassets in Resources */,
				74E5E0D82E297E0900FCB7E1 /* Main.storyboard in Resources */,
			);
			runOnlyForDeploymentPostprocessing = 0;
		};
/* End PBXResourcesBuildPhase section */

/* Begin PBXSourcesBuildPhase section */
		74E5E0C92E297E0900FCB7E1 /* Sources */ = {
			isa = PBXSourcesBuildPhase;
			buildActionMask = 2147483647;
			files = (
				7499ED072E2C2ECC000CDB2F /* SecretViewController.swift in Sources */,
				7499ED092E2C2EDB000CDB2F /* MenuViewController.swift in Sources */,
				74E5E0D12E297E0900FCB7E1 /* AppDelegate.swift in Sources */,
				7499ED052E2C2EC0000CDB2F /* GutsViewController.swift in Sources */,
				74E5E0D32E297E0900FCB7E1 /* SceneDelegate.swift in Sources */,
				7450AE1A2E2ED608000BBA71 /* ShopViewController.swift in Sources */,
				7499ED032E2C2EB5000CDB2F /* KanekiViewController.swift in Sources */,
				74B3B6C12E32BEBC00F0000B /* GutsInfoViewController.swift in Sources */,
				748779772E3664C800D6E227 /* SecretStyleViewController.swift in Sources */,
				7450AE1C2E2ED905000BBA71 /* KanekiInfoViewController.swift in Sources */,
			);
			runOnlyForDeploymentPostprocessing = 0;
		};
/* End PBXSourcesBuildPhase section */

/* Begin PBXVariantGroup section */
		74E5E0D62E297E0900FCB7E1 /* Main.storyboard */ = {
			isa = PBXVariantGroup;
			children = (
				74E5E0D72E297E0900FCB7E1 /* Base */,
			);
			name = Main.storyboard;
			sourceTree = "<group>";
		};
		74E5E0DB2E297E0B00FCB7E1 /* LaunchScreen.storyboard */ = {
			isa = PBXVariantGroup;
			children = (
				74E5E0DC2E297E0B00FCB7E1 /* Base */,
			);
			name = LaunchScreen.storyboard;
			sourceTree = "<group>";
		};
/* End PBXVariantGroup section */

/* Begin XCBuildConfiguration section */
		74E5E0DF2E297E0B00FCB7E1 /* Debug */ = {
			isa = XCBuildConfiguration;
			buildSettings = {
				ALWAYS_SEARCH_USER_PATHS = NO;
				CLANG_ANALYZER_NONNULL = YES;
				CLANG_ANALYZER_NUMBER_OBJECT_CONVERSION = YES_AGGRESSIVE;
				CLANG_CXX_LANGUAGE_STANDARD = "gnu++20";
				CLANG_ENABLE_MODULES = YES;
				CLANG_ENABLE_OBJC_ARC = YES;
				CLANG_ENABLE_OBJC_WEAK = YES;
				CLANG_WARN_BLOCK_CAPTURE_AUTORELEASING = YES;
				CLANG_WARN_BOOL_CONVERSION = YES;
				CLANG_WARN_COMMA = YES;
				CLANG_WARN_CONSTANT_CONVERSION = YES;
				CLANG_WARN_DEPRECATED_OBJC_IMPLEMENTATIONS = YES;
				CLANG_WARN_DIRECT_OBJC_ISA_USAGE = YES_ERROR;
				CLANG_WARN_DOCUMENTATION_COMMENTS = YES;
				CLANG_WARN_EMPTY_BODY = YES;
				CLANG_WARN_ENUM_CONVERSION = YES;
				CLANG_WARN_INFINITE_RECURSION = YES;
				CLANG_WARN_INT_CONVERSION = YES;
				CLANG_WARN_NON_LITERAL_NULL_CONVERSION = YES;
				CLANG_WARN_OBJC_IMPLICIT_RETAIN_SELF = YES;
				CLANG_WARN_OBJC_LITERAL_CONVERSION = YES;
				CLANG_WARN_OBJC_ROOT_CLASS = YES_ERROR;
				CLANG_WARN_QUOTED_INCLUDE_IN_FRAMEWORK_HEADER = YES;
				CLANG_WARN_RANGE_LOOP_ANALYSIS = YES;
				CLANG_WARN_STRICT_PROTOTYPES = YES;
				CLANG_WARN_SUSPICIOUS_MOVE = YES;
				CLANG_WARN_UNGUARDED_AVAILABILITY = YES_AGGRESSIVE;
				CLANG_WARN_UNREACHABLE_CODE = YES;
				CLANG_WARN__DUPLICATE_METHOD_MATCH = YES;
				COPY_PHASE_STRIP = NO;
				DEBUG_INFORMATION_FORMAT = dwarf;
				ENABLE_STRICT_OBJC_MSGSEND = YES;
				ENABLE_TESTABILITY = YES;
				GCC_C_LANGUAGE_STANDARD = gnu11;
				GCC_DYNAMIC_NO_PIC = NO;
				GCC_NO_COMMON_BLOCKS = YES;
				GCC_OPTIMIZATION_LEVEL = 0;
				GCC_PREPROCESSOR_DEFINITIONS = (
					"DEBUG=1",
					"$(inherited)",
				);
				GCC_WARN_64_TO_32_BIT_CONVERSION = YES;
				GCC_WARN_ABOUT_RETURN_TYPE = YES_ERROR;
				GCC_WARN_UNDECLARED_SELECTOR = YES;
				GCC_WARN_UNINITIALIZED_AUTOS = YES_AGGRESSIVE;
				GCC_WARN_UNUSED_FUNCTION = YES;
				GCC_WARN_UNUSED_VARIABLE = YES;
				IPHONEOS_DEPLOYMENT_TARGET = 16.2;
				MTL_ENABLE_DEBUG_INFO = INCLUDE_SOURCE;
				MTL_FAST_MATH = YES;
				ONLY_ACTIVE_ARCH = YES;
				SDKROOT = iphoneos;
				SWIFT_ACTIVE_COMPILATION_CONDITIONS = DEBUG;
				SWIFT_OPTIMIZATION_LEVEL = "-Onone";
			};
			name = Debug;
		};
		74E5E0E02E297E0B00FCB7E1 /* Release */ = {
			isa = XCBuildConfiguration;
			buildSettings = {
				ALWAYS_SEARCH_USER_PATHS = NO;
				CLANG_ANALYZER_NONNULL = YES;
				CLANG_ANALYZER_NUMBER_OBJECT_CONVERSION = YES_AGGRESSIVE;
				CLANG_CXX_LANGUAGE_STANDARD = "gnu++20";
				CLANG_ENABLE_MODULES = YES;
				CLANG_ENABLE_OBJC_ARC = YES;
				CLANG_ENABLE_OBJC_WEAK = YES;
				CLANG_WARN_BLOCK_CAPTURE_AUTORELEASING = YES;
				CLANG_WARN_BOOL_CONVERSION = YES;
				CLANG_WARN_COMMA = YES;
				CLANG_WARN_CONSTANT_CONVERSION = YES;
				CLANG_WARN_DEPRECATED_OBJC_IMPLEMENTATIONS = YES;
				CLANG_WARN_DIRECT_OBJC_ISA_USAGE = YES_ERROR;
				CLANG_WARN_DOCUMENTATION_COMMENTS = YES;
				CLANG_WARN_EMPTY_BODY = YES;
				CLANG_WARN_ENUM_CONVERSION = YES;
				CLANG_WARN_INFINITE_RECURSION = YES;
				CLANG_WARN_INT_CONVERSION = YES;
				CLANG_WARN_NON_LITERAL_NULL_CONVERSION = YES;
				CLANG_WARN_OBJC_IMPLICIT_RETAIN_SELF = YES;
				CLANG_WARN_OBJC_LITERAL_CONVERSION = YES;
				CLANG_WARN_OBJC_ROOT_CLASS = YES_ERROR;
				CLANG_WARN_QUOTED_INCLUDE_IN_FRAMEWORK_HEADER = YES;
				CLANG_WARN_RANGE_LOOP_ANALYSIS = YES;
				CLANG_WARN_STRICT_PROTOTYPES = YES;
				CLANG_WARN_SUSPICIOUS_MOVE = YES;
				CLANG_WARN_UNGUARDED_AVAILABILITY = YES_AGGRESSIVE;
				CLANG_WARN_UNREACHABLE_CODE = YES;
				CLANG_WARN__DUPLICATE_METHOD_MATCH = YES;
				COPY_PHASE_STRIP = NO;
				DEBUG_INFORMATION_FORMAT = "dwarf-with-dsym";
				ENABLE_NS_ASSERTIONS = NO;
				ENABLE_STRICT_OBJC_MSGSEND = YES;
				GCC_C_LANGUAGE_STANDARD = gnu11;
				GCC_NO_COMMON_BLOCKS = YES;
				GCC_WARN_64_TO_32_BIT_CONVERSION = YES;
				GCC_WARN_ABOUT_RETURN_TYPE = YES_ERROR;
				GCC_WARN_UNDECLARED_SELECTOR = YES;
				GCC_WARN_UNINITIALIZED_AUTOS = YES_AGGRESSIVE;
				GCC_WARN_UNUSED_FUNCTION = YES;
				GCC_WARN_UNUSED_VARIABLE = YES;
				IPHONEOS_DEPLOYMENT_TARGET = 16.2;
				MTL_ENABLE_DEBUG_INFO = NO;
				MTL_FAST_MATH = YES;
				SDKROOT = iphoneos;
				SWIFT_COMPILATION_MODE = wholemodule;
				SWIFT_OPTIMIZATION_LEVEL = "-O";
				VALIDATE_PRODUCT = YES;
			};
			name = Release;
		};
		74E5E0E22E297E0B00FCB7E1 /* Debug */ = {
			isa = XCBuildConfiguration;
			buildSettings = {
				ASSETCATALOG_COMPILER_APPICON_NAME = AppIcon;
				ASSETCATALOG_COMPILER_GLOBAL_ACCENT_COLOR_NAME = AccentColor;
				CODE_SIGN_STYLE = Automatic;
				CURRENT_PROJECT_VERSION = 1;
				DEVELOPMENT_TEAM = BB694WD576;
				GENERATE_INFOPLIST_FILE = YES;
				INFOPLIST_FILE = Clicker/Info.plist;
				INFOPLIST_KEY_UIApplicationSupportsIndirectInputEvents = YES;
				INFOPLIST_KEY_UILaunchStoryboardName = LaunchScreen;
				INFOPLIST_KEY_UIMainStoryboardFile = Main;
				INFOPLIST_KEY_UISupportedInterfaceOrientations_iPad = "UIInterfaceOrientationPortrait UIInterfaceOrientationPortraitUpsideDown UIInterfaceOrientationLandscapeLeft UIInterfaceOrientationLandscapeRight";
				INFOPLIST_KEY_UISupportedInterfaceOrientations_iPhone = "UIInterfaceOrientationPortrait UIInterfaceOrientationLandscapeLeft UIInterfaceOrientationLandscapeRight";
				IPHONEOS_DEPLOYMENT_TARGET = 18.0;
				LD_RUNPATH_SEARCH_PATHS = (
					"$(inherited)",
					"@executable_path/Frameworks",
				);
				MARKETING_VERSION = 1.0;
				PRODUCT_BUNDLE_IDENTIFIER = com.sergeysukharev.Clicker;
				PRODUCT_NAME = "$(TARGET_NAME)";
				SWIFT_EMIT_LOC_STRINGS = YES;
				SWIFT_VERSION = 5.0;
				TARGETED_DEVICE_FAMILY = "1,2";
			};
			name = Debug;
		};
		74E5E0E32E297E0B00FCB7E1 /* Release */ = {
			isa = XCBuildConfiguration;
			buildSettings = {
				ASSETCATALOG_COMPILER_APPICON_NAME = AppIcon;
				ASSETCATALOG_COMPILER_GLOBAL_ACCENT_COLOR_NAME = AccentColor;
				CODE_SIGN_STYLE = Automatic;
				CURRENT_PROJECT_VERSION = 1;
				DEVELOPMENT_TEAM = BB694WD576;
				GENERATE_INFOPLIST_FILE = YES;
				INFOPLIST_FILE = Clicker/Info.plist;
				INFOPLIST_KEY_UIApplicationSupportsIndirectInputEvents = YES;
				INFOPLIST_KEY_UILaunchStoryboardName = LaunchScreen;
				INFOPLIST_KEY_UIMainStoryboardFile = Main;
				INFOPLIST_KEY_UISupportedInterfaceOrientations_iPad = "UIInterfaceOrientationPortrait UIInterfaceOrientationPortraitUpsideDown UIInterfaceOrientationLandscapeLeft UIInterfaceOrientationLandscapeRight";
				INFOPLIST_KEY_UISupportedInterfaceOrientations_iPhone = "UIInterfaceOrientationPortrait UIInterfaceOrientationLandscapeLeft UIInterfaceOrientationLandscapeRight";
				IPHONEOS_DEPLOYMENT_TARGET = 18.0;
				LD_RUNPATH_SEARCH_PATHS = (
					"$(inherited)",
					"@executable_path/Frameworks",
				);
				MARKETING_VERSION = 1.0;
				PRODUCT_BUNDLE_IDENTIFIER = com.sergeysukharev.Clicker;
				PRODUCT_NAME = "$(TARGET_NAME)";
				SWIFT_EMIT_LOC_STRINGS = YES;
				SWIFT_VERSION = 5.0;
				TARGETED_DEVICE_FAMILY = "1,2";
			};
			name = Release;
		};
/* End XCBuildConfiguration section */

/* Begin XCConfigurationList section */
		74E5E0C82E297E0900FCB7E1 /* Build configuration list for PBXProject "Clicker" */ = {
			isa = XCConfigurationList;
			buildConfigurations = (
				74E5E0DF2E297E0B00FCB7E1 /* Debug */,
				74E5E0E02E297E0B00FCB7E1 /* Release */,
			);
			defaultConfigurationIsVisible = 0;
			defaultConfigurationName = Release;
		};
		74E5E0E12E297E0B00FCB7E1 /* Build configuration list for PBXNativeTarget "Clicker" */ = {
			isa = XCConfigurationList;
			buildConfigurations = (
				74E5E0E22E297E0B00FCB7E1 /* Debug */,
				74E5E0E32E297E0B00FCB7E1 /* Release */,
			);
			defaultConfigurationIsVisible = 0;
			defaultConfigurationName = Release;
		};
/* End XCConfigurationList section */

/* Begin XCRemoteSwiftPackageReference section */
		740A50FF2E4605460040AC28 /* XCRemoteSwiftPackageReference "FLAnimatedImage" */ = {
			isa = XCRemoteSwiftPackageReference;
			repositoryURL = "https://github.com/Flipboard/FLAnimatedImage.git";
			requirement = {
				kind = upToNextMajorVersion;
				minimumVersion = 1.0.17;
			};
		};
/* End XCRemoteSwiftPackageReference section */

/* Begin XCSwiftPackageProductDependency section */
		740A51002E4605460040AC28 /* FLAnimatedImage */ = {
			isa = XCSwiftPackageProductDependency;
			package = 740A50FF2E4605460040AC28 /* XCRemoteSwiftPackageReference "FLAnimatedImage" */;
			productName = FLAnimatedImage;
		};
/* End XCSwiftPackageProductDependency section */
	};
	rootObject = 74E5E0C52E297E0900FCB7E1 /* Project object */;
}
